
Microsoft Visual Studio Solution File, Format Version 12.00
# Visual Studio Version 17
VisualStudioVersion = 17.1.32328.378
MinimumVisualStudioVersion = 10.0.40219.1
Project("{FAE04EC0-301F-11D3-BF4B-00C04F79EFBC}") = "ZkouskaKveten", "Test 10.5.2022\ZkouskaKveten.csproj", "{7D50BC6E-842A-48C5-9601-7D0E32032F03}"
EndProject
Global
	GlobalSection(SolutionConfigurationPlatforms) = preSolution
		Debug|Any CPU = Debug|Any CPU
		Release|Any CPU = Release|Any CPU
	EndGlobalSection
	GlobalSection(ProjectConfigurationPlatforms) = postSolution
		{7D50BC6E-842A-48C5-9601-7D0E32032F03}.Debug|Any CPU.ActiveCfg = Debug|Any CPU
		{7D50BC6E-842A-48C5-9601-7D0E32032F03}.Debug|Any CPU.Build.0 = Debug|Any CPU
		{7D50BC6E-842A-48C5-9601-7D0E32032F03}.Release|Any CPU.ActiveCfg = Release|Any CPU
		{7D50BC6E-842A-48C5-9601-7D0E32032F03}.Release|Any CPU.Build.0 = Release|Any CPU
	EndGlobalSection
	GlobalSection(SolutionProperties) = preSolution
		HideSolutionNode = FALSE
	EndGlobalSection
	GlobalSection(ExtensibilityGlobals) = postSolution
		SolutionGuid = {8AD7F782-28CC-4D6C-9BC0-39113CAE3574}
	EndGlobalSection
EndGlobal
